
Microsoft Visual Studio Solution File, Format Version 12.00
# Visual Studio Version 17
VisualStudioVersion = 17.11.35222.181
MinimumVisualStudioVersion = 10.0.40219.1
Project("{FAE04EC0-301F-11D3-BF4B-00C04F79EFBC}") = "Let_Him_Cook_last", "Let_Him_Cook_last.csproj", "{D972F62C-86B0-4FD8-BB6F-6B8A098F8DBD}"
EndProject
Global
	GlobalSection(SolutionConfigurationPlatforms) = preSolution
		Debug|Any CPU = Debug|Any CPU
		Release|Any CPU = Release|Any CPU
	EndGlobalSection
	GlobalSection(ProjectConfigurationPlatforms) = postSolution
		{D972F62C-86B0-4FD8-BB6F-6B8A098F8DBD}.Debug|Any CPU.ActiveCfg = Debug|Any CPU
		{D972F62C-86B0-4FD8-BB6F-6B8A098F8DBD}.Debug|Any CPU.Build.0 = Debug|Any CPU
		{D972F62C-86B0-4FD8-BB6F-6B8A098F8DBD}.Release|Any CPU.ActiveCfg = Release|Any CPU
		{D972F62C-86B0-4FD8-BB6F-6B8A098F8DBD}.Release|Any CPU.Build.0 = Release|Any CPU
	EndGlobalSection
	GlobalSection(SolutionProperties) = preSolution
		HideSolutionNode = FALSE
	EndGlobalSection
	GlobalSection(ExtensibilityGlobals) = postSolution
		SolutionGuid = {8C80AFC3-EC8B-434B-A159-888089E15F0A}
	EndGlobalSection
EndGlobal
